{
  "nodes": {
    "flake-compat": {
      "flake": false,
      "locked": {
        "lastModified": 1648199409,
        "narHash": "sha256-JwPKdC2PoVBkG6E+eWw3j6BMR6sL3COpYWfif7RVb8Y=",
        "owner": "edolstra",
        "repo": "flake-compat",
        "rev": "64a525ee38886ab9028e6f61790de0832aa3ef03",
        "type": "github"
      },
      "original": {
        "owner": "edolstra",
        "repo": "flake-compat",
        "type": "github"
      }
    },
    "flake-utils": {
      "locked": {
        "lastModified": 1678901627,
        "narHash": "sha256-U02riOqrKKzwjsxc/400XnElV+UtPUQWpANPlyazjH0=",
        "owner": "numtide",
        "repo": "flake-utils",
        "rev": "93a2b84fc4b70d9e089d029deacc3583435c2ed6",
        "type": "github"
      },
      "original": {
        "owner": "numtide",
        "ref": "main",
        "repo": "flake-utils",
        "type": "github"
      }
    },
    "nix-bundle-elf": {
      "inputs": {
        "flake-utils": [
          "flake-utils"
        ],
        "nixpkgs": [
          "nixpkgs"
        ]
      },
      "locked": {
        "lastModified": 1680228026,
        "narHash": "sha256-zCyTQZecAaRNGL0+ZcaIYrCUlidehrrgeaKcwwFG7tc=",
        "owner": "Hogeyama",
        "repo": "nix-bundle-elf",
        "rev": "f13c75b0117fc8d1150978aa2078ce57b964b363",
        "type": "github"
      },
      "original": {
        "owner": "Hogeyama",
        "ref": "main",
        "repo": "nix-bundle-elf",
        "type": "github"
      }
    },
    "nixpkgs": {
      "locked": {
        "lastModified": 1678703793,
        "narHash": "sha256-hGNEVSmiJBtmKivxX6A2ia7jwY/braD2EbagXpx0MJY=",
        "owner": "nixos",
        "repo": "nixpkgs",
        "rev": "755c177ff9d7e6854ecd0f7a1218ee09bcb301b7",
        "type": "github"
      },
      "original": {
        "owner": "nixos",
        "ref": "nixpkgs-unstable",
        "repo": "nixpkgs",
        "type": "github"
      }
    },
    "root": {
      "inputs": {
        "flake-compat": "flake-compat",
        "flake-utils": "flake-utils",
        "nix-bundle-elf": "nix-bundle-elf",
        "nixpkgs": "nixpkgs"
      }
    }
  },
  "root": "root",
  "version": 7
}
